// !$*UTF8*$!
{
	archiveVersion = 1;
	classes = {
	};
	objectVersion = 56;
	objects = {

/* Begin PBXBuildFile section */
		72B66E922B7F83B800C49885 /* ChatsTestApp.swift in Sources */ = {isa = PBXBuildFile; fileRef = 72B66E912B7F83B800C49885 /* ChatsTestApp.swift */; };
		72B66E942B7F83B800C49885 /* ContentView.swift in Sources */ = {isa = PBXBuildFile; fileRef = 72B66E932B7F83B800C49885 /* ContentView.swift */; };
		72B66E962B7F83BF00C49885 /* Assets.xcassets in Resources */ = {isa = PBXBuildFile; fileRef = 72B66E952B7F83BF00C49885 /* Assets.xcassets */; };
		72B66E992B7F83BF00C49885 /* Preview Assets.xcassets in Resources */ = {isa = PBXBuildFile; fileRef = 72B66E982B7F83BF00C49885 /* Preview Assets.xcassets */; };
		72B66EA12B7F85F800C49885 /* ChatModel.swift in Sources */ = {isa = PBXBuildFile; fileRef = 72B66EA02B7F85F800C49885 /* ChatModel.swift */; };
		72B66EA32B7F876700C49885 /* ChatManager.swift in Sources */ = {isa = PBXBuildFile; fileRef = 72B66EA22B7F876700C49885 /* ChatManager.swift */; };
		72B66EA62B7F994600C49885 /* ChatViews.swift in Sources */ = {isa = PBXBuildFile; fileRef = 72B66EA52B7F994600C49885 /* ChatViews.swift */; };
		72B66EAA2B805F7A00C49885 /* ChatsScreen.swift in Sources */ = {isa = PBXBuildFile; fileRef = 72B66EA92B805F7A00C49885 /* ChatsScreen.swift */; };
		72B66EAC2B80674C00C49885 /* ChatDetailsView.swift in Sources */ = {isa = PBXBuildFile; fileRef = 72B66EAB2B80674C00C49885 /* ChatDetailsView.swift */; };
		72B66EAE2B80817300C49885 /* NavigationBarView.swift in Sources */ = {isa = PBXBuildFile; fileRef = 72B66EAD2B80817200C49885 /* NavigationBarView.swift */; };
		72B66EB02B80877600C49885 /* ContactInfo.swift in Sources */ = {isa = PBXBuildFile; fileRef = 72B66EAF2B80877600C49885 /* ContactInfo.swift */; };
		72B66EB22B80D14C00C49885 /* ModelContactInfo.swift in Sources */ = {isa = PBXBuildFile; fileRef = 72B66EB12B80D14C00C49885 /* ModelContactInfo.swift */; };
		72B66EB62B80F10100C49885 /* RowWithButton.swift in Sources */ = {isa = PBXBuildFile; fileRef = 72B66EB52B80F10100C49885 /* RowWithButton.swift */; };
		72B66EBA2B80FF5600C49885 /* RowWithText.swift in Sources */ = {isa = PBXBuildFile; fileRef = 72B66EB92B80FF5600C49885 /* RowWithText.swift */; };
		72B66EBC2B812F8C00C49885 /* EditContactView.swift in Sources */ = {isa = PBXBuildFile; fileRef = 72B66EBB2B812F8C00C49885 /* EditContactView.swift */; };
		72B66EBE2B81B03400C49885 /* ToolBarItems.swift in Sources */ = {isa = PBXBuildFile; fileRef = 72B66EBD2B81B03400C49885 /* ToolBarItems.swift */; };
		72B66EC12B81DA8E00C49885 /* ChatMessage.swift in Sources */ = {isa = PBXBuildFile; fileRef = 72B66EC02B81DA8E00C49885 /* ChatMessage.swift */; };
		72B66EC32B81DEBD00C49885 /* ChatFrame.swift in Sources */ = {isa = PBXBuildFile; fileRef = 72B66EC22B81DEBD00C49885 /* ChatFrame.swift */; };
		72B66EC52B81F1D900C49885 /* MokScreen.swift in Sources */ = {isa = PBXBuildFile; fileRef = 72B66EC42B81F1D900C49885 /* MokScreen.swift */; };
/* End PBXBuildFile section */

/* Begin PBXFileReference section */
		72B66E8E2B7F83B800C49885 /* ChatsTest.app */ = {isa = PBXFileReference; explicitFileType = wrapper.application; includeInIndex = 0; path = ChatsTest.app; sourceTree = BUILT_PRODUCTS_DIR; };
		72B66E912B7F83B800C49885 /* ChatsTestApp.swift */ = {isa = PBXFileReference; lastKnownFileType = sourcecode.swift; path = ChatsTestApp.swift; sourceTree = "<group>"; };
		72B66E932B7F83B800C49885 /* ContentView.swift */ = {isa = PBXFileReference; lastKnownFileType = sourcecode.swift; path = ContentView.swift; sourceTree = "<group>"; };
		72B66E952B7F83BF00C49885 /* Assets.xcassets */ = {isa = PBXFileReference; lastKnownFileType = folder.assetcatalog; path = Assets.xcassets; sourceTree = "<group>"; };
		72B66E982B7F83BF00C49885 /* Preview Assets.xcassets */ = {isa = PBXFileReference; lastKnownFileType = folder.assetcatalog; path = "Preview Assets.xcassets"; sourceTree = "<group>"; };
		72B66EA02B7F85F800C49885 /* ChatModel.swift */ = {isa = PBXFileReference; lastKnownFileType = sourcecode.swift; path = ChatModel.swift; sourceTree = "<group>"; };
		72B66EA22B7F876700C49885 /* ChatManager.swift */ = {isa = PBXFileReference; lastKnownFileType = sourcecode.swift; path = ChatManager.swift; sourceTree = "<group>"; };
		72B66EA52B7F994600C49885 /* ChatViews.swift */ = {isa = PBXFileReference; lastKnownFileType = sourcecode.swift; path = ChatViews.swift; sourceTree = "<group>"; };
		72B66EA92B805F7A00C49885 /* ChatsScreen.swift */ = {isa = PBXFileReference; lastKnownFileType = sourcecode.swift; path = ChatsScreen.swift; sourceTree = "<group>"; };
		72B66EAB2B80674C00C49885 /* ChatDetailsView.swift */ = {isa = PBXFileReference; lastKnownFileType = sourcecode.swift; path = ChatDetailsView.swift; sourceTree = "<group>"; };
		72B66EAD2B80817200C49885 /* NavigationBarView.swift */ = {isa = PBXFileReference; lastKnownFileType = sourcecode.swift; path = NavigationBarView.swift; sourceTree = "<group>"; };
		72B66EAF2B80877600C49885 /* ContactInfo.swift */ = {isa = PBXFileReference; lastKnownFileType = sourcecode.swift; path = ContactInfo.swift; sourceTree = "<group>"; };
		72B66EB12B80D14C00C49885 /* ModelContactInfo.swift */ = {isa = PBXFileReference; lastKnownFileType = sourcecode.swift; path = ModelContactInfo.swift; sourceTree = "<group>"; };
		72B66EB52B80F10100C49885 /* RowWithButton.swift */ = {isa = PBXFileReference; lastKnownFileType = sourcecode.swift; path = RowWithButton.swift; sourceTree = "<group>"; };
		72B66EB92B80FF5600C49885 /* RowWithText.swift */ = {isa = PBXFileReference; lastKnownFileType = sourcecode.swift; path = RowWithText.swift; sourceTree = "<group>"; };
		72B66EBB2B812F8C00C49885 /* EditContactView.swift */ = {isa = PBXFileReference; lastKnownFileType = sourcecode.swift; path = EditContactView.swift; sourceTree = "<group>"; };
		72B66EBD2B81B03400C49885 /* ToolBarItems.swift */ = {isa = PBXFileReference; lastKnownFileType = sourcecode.swift; path = ToolBarItems.swift; sourceTree = "<group>"; };
		72B66EC02B81DA8E00C49885 /* ChatMessage.swift */ = {isa = PBXFileReference; lastKnownFileType = sourcecode.swift; path = ChatMessage.swift; sourceTree = "<group>"; };
		72B66EC22B81DEBD00C49885 /* ChatFrame.swift */ = {isa = PBXFileReference; lastKnownFileType = sourcecode.swift; path = ChatFrame.swift; sourceTree = "<group>"; };
		72B66EC42B81F1D900C49885 /* MokScreen.swift */ = {isa = PBXFileReference; lastKnownFileType = sourcecode.swift; path = MokScreen.swift; sourceTree = "<group>"; };
/* End PBXFileReference section */

/* Begin PBXFrameworksBuildPhase section */
		72B66E8B2B7F83B800C49885 /* Frameworks */ = {
			isa = PBXFrameworksBuildPhase;
			buildActionMask = 2147483647;
			files = (
			);
			runOnlyForDeploymentPostprocessing = 0;
		};
/* End PBXFrameworksBuildPhase section */

/* Begin PBXGroup section */
		72B66E852B7F83B800C49885 = {
			isa = PBXGroup;
			children = (
				72B66E902B7F83B800C49885 /* ChatsTest */,
				72B66E8F2B7F83B800C49885 /* Products */,
			);
			sourceTree = "<group>";
		};
		72B66E8F2B7F83B800C49885 /* Products */ = {
			isa = PBXGroup;
			children = (
				72B66E8E2B7F83B800C49885 /* ChatsTest.app */,
			);
			name = Products;
			sourceTree = "<group>";
		};
		72B66E902B7F83B800C49885 /* ChatsTest */ = {
			isa = PBXGroup;
			children = (
				72B66E912B7F83B800C49885 /* ChatsTestApp.swift */,
				72B66E932B7F83B800C49885 /* ContentView.swift */,
				72B66EA42B7F993300C49885 /* Views */,
				72B66E9F2B7F85D700C49885 /* Models */,
				72B66E952B7F83BF00C49885 /* Assets.xcassets */,
				72B66E972B7F83BF00C49885 /* Preview Content */,
			);
			path = ChatsTest;
			sourceTree = "<group>";
		};
		72B66E972B7F83BF00C49885 /* Preview Content */ = {
			isa = PBXGroup;
			children = (
				72B66E982B7F83BF00C49885 /* Preview Assets.xcassets */,
			);
			path = "Preview Content";
			sourceTree = "<group>";
		};
		72B66E9F2B7F85D700C49885 /* Models */ = {
			isa = PBXGroup;
			children = (
				72B66EA02B7F85F800C49885 /* ChatModel.swift */,
				72B66EA22B7F876700C49885 /* ChatManager.swift */,
				72B66EB12B80D14C00C49885 /* ModelContactInfo.swift */,
			);
			path = Models;
			sourceTree = "<group>";
		};
		72B66EA42B7F993300C49885 /* Views */ = {
			isa = PBXGroup;
			children = (
				72B66EA92B805F7A00C49885 /* ChatsScreen.swift */,
				72B66EAB2B80674C00C49885 /* ChatDetailsView.swift */,
				72B66EAF2B80877600C49885 /* ContactInfo.swift */,
				72B66EBB2B812F8C00C49885 /* EditContactView.swift */,
				72B66EC42B81F1D900C49885 /* MokScreen.swift */,
				72B66EBF2B81DA6600C49885 /* SubViews */,
			);
			path = Views;
			sourceTree = "<group>";
		};
		72B66EBF2B81DA6600C49885 /* SubViews */ = {
			isa = PBXGroup;
			children = (
				72B66EBD2B81B03400C49885 /* ToolBarItems.swift */,
				72B66EC02B81DA8E00C49885 /* ChatMessage.swift */,
				72B66EC22B81DEBD00C49885 /* ChatFrame.swift */,
				72B66EA52B7F994600C49885 /* ChatViews.swift */,
				72B66EB52B80F10100C49885 /* RowWithButton.swift */,
				72B66EB92B80FF5600C49885 /* RowWithText.swift */,
				72B66EAD2B80817200C49885 /* NavigationBarView.swift */,
			);
			path = SubViews;
			sourceTree = "<group>";
		};
/* End PBXGroup section */

/* Begin PBXNativeTarget section */
		72B66E8D2B7F83B800C49885 /* ChatsTest */ = {
			isa = PBXNativeTarget;
			buildConfigurationList = 72B66E9C2B7F83BF00C49885 /* Build configuration list for PBXNativeTarget "ChatsTest" */;
			buildPhases = (
				72B66E8A2B7F83B800C49885 /* Sources */,
				72B66E8B2B7F83B800C49885 /* Frameworks */,
				72B66E8C2B7F83B800C49885 /* Resources */,
			);
			buildRules = (
			);
			dependencies = (
			);
			name = ChatsTest;
			productName = ChatsTest;
			productReference = 72B66E8E2B7F83B800C49885 /* ChatsTest.app */;
			productType = "com.apple.product-type.application";
		};
/* End PBXNativeTarget section */

/* Begin PBXProject section */
		72B66E862B7F83B800C49885 /* Project object */ = {
			isa = PBXProject;
			attributes = {
				BuildIndependentTargetsInParallel = 1;
				LastSwiftUpdateCheck = 1500;
				LastUpgradeCheck = 1500;
				TargetAttributes = {
					72B66E8D2B7F83B800C49885 = {
						CreatedOnToolsVersion = 15.0;
					};
				};
			};
			buildConfigurationList = 72B66E892B7F83B800C49885 /* Build configuration list for PBXProject "ChatsTest" */;
			compatibilityVersion = "Xcode 14.0";
			developmentRegion = en;
			hasScannedForEncodings = 0;
			knownRegions = (
				en,
				Base,
			);
			mainGroup = 72B66E852B7F83B800C49885;
			productRefGroup = 72B66E8F2B7F83B800C49885 /* Products */;
			projectDirPath = "";
			projectRoot = "";
			targets = (
				72B66E8D2B7F83B800C49885 /* ChatsTest */,
			);
		};
/* End PBXProject section */

/* Begin PBXResourcesBuildPhase section */
		72B66E8C2B7F83B800C49885 /* Resources */ = {
			isa = PBXResourcesBuildPhase;
			buildActionMask = 2147483647;
			files = (
				72B66E992B7F83BF00C49885 /* Preview Assets.xcassets in Resources */,
				72B66E962B7F83BF00C49885 /* Assets.xcassets in Resources */,
			);
			runOnlyForDeploymentPostprocessing = 0;
		};
/* End PBXResourcesBuildPhase section */

/* Begin PBXSourcesBuildPhase section */
		72B66E8A2B7F83B800C49885 /* Sources */ = {
			isa = PBXSourcesBuildPhase;
			buildActionMask = 2147483647;
			files = (
				72B66EB22B80D14C00C49885 /* ModelContactInfo.swift in Sources */,
				72B66EAC2B80674C00C49885 /* ChatDetailsView.swift in Sources */,
				72B66EBA2B80FF5600C49885 /* RowWithText.swift in Sources */,
				72B66EC12B81DA8E00C49885 /* ChatMessage.swift in Sources */,
				72B66E942B7F83B800C49885 /* ContentView.swift in Sources */,
				72B66EC32B81DEBD00C49885 /* ChatFrame.swift in Sources */,
				72B66EAE2B80817300C49885 /* NavigationBarView.swift in Sources */,
				72B66EAA2B805F7A00C49885 /* ChatsScreen.swift in Sources */,
				72B66EBC2B812F8C00C49885 /* EditContactView.swift in Sources */,
				72B66EA32B7F876700C49885 /* ChatManager.swift in Sources */,
				72B66E922B7F83B800C49885 /* ChatsTestApp.swift in Sources */,
				72B66EB02B80877600C49885 /* ContactInfo.swift in Sources */,
				72B66EA62B7F994600C49885 /* ChatViews.swift in Sources */,
				72B66EB62B80F10100C49885 /* RowWithButton.swift in Sources */,
				72B66EC52B81F1D900C49885 /* MokScreen.swift in Sources */,
				72B66EBE2B81B03400C49885 /* ToolBarItems.swift in Sources */,
				72B66EA12B7F85F800C49885 /* ChatModel.swift in Sources */,
			);
			runOnlyForDeploymentPostprocessing = 0;
		};
/* End PBXSourcesBuildPhase section */

/* Begin XCBuildConfiguration section */
		72B66E9A2B7F83BF00C49885 /* Debug */ = {
			isa = XCBuildConfiguration;
			buildSettings = {
				ALWAYS_SEARCH_USER_PATHS = NO;
				ASSETCATALOG_COMPILER_GENERATE_SWIFT_ASSET_SYMBOL_EXTENSIONS = YES;
				CLANG_ANALYZER_NONNULL = YES;
				CLANG_ANALYZER_NUMBER_OBJECT_CONVERSION = YES_AGGRESSIVE;
				CLANG_CXX_LANGUAGE_STANDARD = "gnu++20";
				CLANG_ENABLE_MODULES = YES;
				CLANG_ENABLE_OBJC_ARC = YES;
				CLANG_ENABLE_OBJC_WEAK = YES;
				CLANG_WARN_BLOCK_CAPTURE_AUTORELEASING = YES;
				CLANG_WARN_BOOL_CONVERSION = YES;
				CLANG_WARN_COMMA = YES;
				CLANG_WARN_CONSTANT_CONVERSION = YES;
				CLANG_WARN_DEPRECATED_OBJC_IMPLEMENTATIONS = YES;
				CLANG_WARN_DIRECT_OBJC_ISA_USAGE = YES_ERROR;
				CLANG_WARN_DOCUMENTATION_COMMENTS = YES;
				CLANG_WARN_EMPTY_BODY = YES;
				CLANG_WARN_ENUM_CONVERSION = YES;
				CLANG_WARN_INFINITE_RECURSION = YES;
				CLANG_WARN_INT_CONVERSION = YES;
				CLANG_WARN_NON_LITERAL_NULL_CONVERSION = YES;
				CLANG_WARN_OBJC_IMPLICIT_RETAIN_SELF = YES;
				CLANG_WARN_OBJC_LITERAL_CONVERSION = YES;
				CLANG_WARN_OBJC_ROOT_CLASS = YES_ERROR;
				CLANG_WARN_QUOTED_INCLUDE_IN_FRAMEWORK_HEADER = YES;
				CLANG_WARN_RANGE_LOOP_ANALYSIS = YES;
				CLANG_WARN_STRICT_PROTOTYPES = YES;
				CLANG_WARN_SUSPICIOUS_MOVE = YES;
				CLANG_WARN_UNGUARDED_AVAILABILITY = YES_AGGRESSIVE;
				CLANG_WARN_UNREACHABLE_CODE = YES;
				CLANG_WARN__DUPLICATE_METHOD_MATCH = YES;
				COPY_PHASE_STRIP = NO;
				DEBUG_INFORMATION_FORMAT = dwarf;
				ENABLE_STRICT_OBJC_MSGSEND = YES;
				ENABLE_TESTABILITY = YES;
				ENABLE_USER_SCRIPT_SANDBOXING = YES;
				GCC_C_LANGUAGE_STANDARD = gnu17;
				GCC_DYNAMIC_NO_PIC = NO;
				GCC_NO_COMMON_BLOCKS = YES;
				GCC_OPTIMIZATION_LEVEL = 0;
				GCC_PREPROCESSOR_DEFINITIONS = (
					"DEBUG=1",
					"$(inherited)",
				);
				GCC_WARN_64_TO_32_BIT_CONVERSION = YES;
				GCC_WARN_ABOUT_RETURN_TYPE = YES_ERROR;
				GCC_WARN_UNDECLARED_SELECTOR = YES;
				GCC_WARN_UNINITIALIZED_AUTOS = YES_AGGRESSIVE;
				GCC_WARN_UNUSED_FUNCTION = YES;
				GCC_WARN_UNUSED_VARIABLE = YES;
				IPHONEOS_DEPLOYMENT_TARGET = 17.0;
				LOCALIZATION_PREFERS_STRING_CATALOGS = YES;
				MTL_ENABLE_DEBUG_INFO = INCLUDE_SOURCE;
				MTL_FAST_MATH = YES;
				ONLY_ACTIVE_ARCH = YES;
				SDKROOT = iphoneos;
				SWIFT_ACTIVE_COMPILATION_CONDITIONS = "DEBUG $(inherited)";
				SWIFT_OPTIMIZATION_LEVEL = "-Onone";
			};
			name = Debug;
		};
		72B66E9B2B7F83BF00C49885 /* Release */ = {
			isa = XCBuildConfiguration;
			buildSettings = {
				ALWAYS_SEARCH_USER_PATHS = NO;
				ASSETCATALOG_COMPILER_GENERATE_SWIFT_ASSET_SYMBOL_EXTENSIONS = YES;
				CLANG_ANALYZER_NONNULL = YES;
				CLANG_ANALYZER_NUMBER_OBJECT_CONVERSION = YES_AGGRESSIVE;
				CLANG_CXX_LANGUAGE_STANDARD = "gnu++20";
				CLANG_ENABLE_MODULES = YES;
				CLANG_ENABLE_OBJC_ARC = YES;
				CLANG_ENABLE_OBJC_WEAK = YES;
				CLANG_WARN_BLOCK_CAPTURE_AUTORELEASING = YES;
				CLANG_WARN_BOOL_CONVERSION = YES;
				CLANG_WARN_COMMA = YES;
				CLANG_WARN_CONSTANT_CONVERSION = YES;
				CLANG_WARN_DEPRECATED_OBJC_IMPLEMENTATIONS = YES;
				CLANG_WARN_DIRECT_OBJC_ISA_USAGE = YES_ERROR;
				CLANG_WARN_DOCUMENTATION_COMMENTS = YES;
				CLANG_WARN_EMPTY_BODY = YES;
				CLANG_WARN_ENUM_CONVERSION = YES;
				CLANG_WARN_INFINITE_RECURSION = YES;
				CLANG_WARN_INT_CONVERSION = YES;
				CLANG_WARN_NON_LITERAL_NULL_CONVERSION = YES;
				CLANG_WARN_OBJC_IMPLICIT_RETAIN_SELF = YES;
				CLANG_WARN_OBJC_LITERAL_CONVERSION = YES;
				CLANG_WARN_OBJC_ROOT_CLASS = YES_ERROR;
				CLANG_WARN_QUOTED_INCLUDE_IN_FRAMEWORK_HEADER = YES;
				CLANG_WARN_RANGE_LOOP_ANALYSIS = YES;
				CLANG_WARN_STRICT_PROTOTYPES = YES;
				CLANG_WARN_SUSPICIOUS_MOVE = YES;
				CLANG_WARN_UNGUARDED_AVAILABILITY = YES_AGGRESSIVE;
				CLANG_WARN_UNREACHABLE_CODE = YES;
				CLANG_WARN__DUPLICATE_METHOD_MATCH = YES;
				COPY_PHASE_STRIP = NO;
				DEBUG_INFORMATION_FORMAT = "dwarf-with-dsym";
				ENABLE_NS_ASSERTIONS = NO;
				ENABLE_STRICT_OBJC_MSGSEND = YES;
				ENABLE_USER_SCRIPT_SANDBOXING = YES;
				GCC_C_LANGUAGE_STANDARD = gnu17;
				GCC_NO_COMMON_BLOCKS = YES;
				GCC_WARN_64_TO_32_BIT_CONVERSION = YES;
				GCC_WARN_ABOUT_RETURN_TYPE = YES_ERROR;
				GCC_WARN_UNDECLARED_SELECTOR = YES;
				GCC_WARN_UNINITIALIZED_AUTOS = YES_AGGRESSIVE;
				GCC_WARN_UNUSED_FUNCTION = YES;
				GCC_WARN_UNUSED_VARIABLE = YES;
				IPHONEOS_DEPLOYMENT_TARGET = 17.0;
				LOCALIZATION_PREFERS_STRING_CATALOGS = YES;
				MTL_ENABLE_DEBUG_INFO = NO;
				MTL_FAST_MATH = YES;
				SDKROOT = iphoneos;
				SWIFT_COMPILATION_MODE = wholemodule;
				VALIDATE_PRODUCT = YES;
			};
			name = Release;
		};
		72B66E9D2B7F83BF00C49885 /* Debug */ = {
			isa = XCBuildConfiguration;
			buildSettings = {
				ASSETCATALOG_COMPILER_APPICON_NAME = AppIcon;
				ASSETCATALOG_COMPILER_GLOBAL_ACCENT_COLOR_NAME = AccentColor;
				CODE_SIGN_STYLE = Automatic;
				CURRENT_PROJECT_VERSION = 1;
				DEVELOPMENT_ASSET_PATHS = "\"ChatsTest/Preview Content\"";
				ENABLE_PREVIEWS = YES;
				GENERATE_INFOPLIST_FILE = YES;
				INFOPLIST_KEY_UIApplicationSceneManifest_Generation = YES;
				INFOPLIST_KEY_UIApplicationSupportsIndirectInputEvents = YES;
				INFOPLIST_KEY_UILaunchScreen_Generation = YES;
				INFOPLIST_KEY_UISupportedInterfaceOrientations_iPad = "UIInterfaceOrientationPortrait UIInterfaceOrientationPortraitUpsideDown UIInterfaceOrientationLandscapeLeft UIInterfaceOrientationLandscapeRight";
				INFOPLIST_KEY_UISupportedInterfaceOrientations_iPhone = "UIInterfaceOrientationPortrait UIInterfaceOrientationLandscapeLeft UIInterfaceOrientationLandscapeRight";
				LD_RUNPATH_SEARCH_PATHS = (
					"$(inherited)",
					"@executable_path/Frameworks",
				);
				MARKETING_VERSION = 1.0;
				PRODUCT_BUNDLE_IDENTIFIER = swiftbook.ru.ChatsTest;
				PRODUCT_NAME = "$(TARGET_NAME)";
				SWIFT_EMIT_LOC_STRINGS = YES;
				SWIFT_VERSION = 5.0;
				TARGETED_DEVICE_FAMILY = "1,2";
			};
			name = Debug;
		};
		72B66E9E2B7F83BF00C49885 /* Release */ = {
			isa = XCBuildConfiguration;
			buildSettings = {
				ASSETCATALOG_COMPILER_APPICON_NAME = AppIcon;
				ASSETCATALOG_COMPILER_GLOBAL_ACCENT_COLOR_NAME = AccentColor;
				CODE_SIGN_STYLE = Automatic;
				CURRENT_PROJECT_VERSION = 1;
				DEVELOPMENT_ASSET_PATHS = "\"ChatsTest/Preview Content\"";
				ENABLE_PREVIEWS = YES;
				GENERATE_INFOPLIST_FILE = YES;
				INFOPLIST_KEY_UIApplicationSceneManifest_Generation = YES;
				INFOPLIST_KEY_UIApplicationSupportsIndirectInputEvents = YES;
				INFOPLIST_KEY_UILaunchScreen_Generation = YES;
				INFOPLIST_KEY_UISupportedInterfaceOrientations_iPad = "UIInterfaceOrientationPortrait UIInterfaceOrientationPortraitUpsideDown UIInterfaceOrientationLandscapeLeft UIInterfaceOrientationLandscapeRight";
				INFOPLIST_KEY_UISupportedInterfaceOrientations_iPhone = "UIInterfaceOrientationPortrait UIInterfaceOrientationLandscapeLeft UIInterfaceOrientationLandscapeRight";
				LD_RUNPATH_SEARCH_PATHS = (
					"$(inherited)",
					"@executable_path/Frameworks",
				);
				MARKETING_VERSION = 1.0;
				PRODUCT_BUNDLE_IDENTIFIER = swiftbook.ru.ChatsTest;
				PRODUCT_NAME = "$(TARGET_NAME)";
				SWIFT_EMIT_LOC_STRINGS = YES;
				SWIFT_VERSION = 5.0;
				TARGETED_DEVICE_FAMILY = "1,2";
			};
			name = Release;
		};
/* End XCBuildConfiguration section */

/* Begin XCConfigurationList section */
		72B66E892B7F83B800C49885 /* Build configuration list for PBXProject "ChatsTest" */ = {
			isa = XCConfigurationList;
			buildConfigurations = (
				72B66E9A2B7F83BF00C49885 /* Debug */,
				72B66E9B2B7F83BF00C49885 /* Release */,
			);
			defaultConfigurationIsVisible = 0;
			defaultConfigurationName = Release;
		};
		72B66E9C2B7F83BF00C49885 /* Build configuration list for PBXNativeTarget "ChatsTest" */ = {
			isa = XCConfigurationList;
			buildConfigurations = (
				72B66E9D2B7F83BF00C49885 /* Debug */,
				72B66E9E2B7F83BF00C49885 /* Release */,
			);
			defaultConfigurationIsVisible = 0;
			defaultConfigurationName = Release;
		};
/* End XCConfigurationList section */
	};
	rootObject = 72B66E862B7F83B800C49885 /* Project object */;
}
